
Microsoft Visual Studio Solution File, Format Version 11.00
# Visual Studio 2010
Project("{FAE04EC0-301F-11D3-BF4B-00C04F79EFBC}") = "Assembly-CSharp", "Assembly-CSharp.csproj", "{107f4842-16ba-9b50-c76c-f58848e5eb0c}"
EndProject
Project("{FAE04EC0-301F-11D3-BF4B-00C04F79EFBC}") = "Assembly-CSharp-Editor", "Assembly-CSharp-Editor.csproj", "{16cb056d-500b-b9e6-e6c4-ca1da0be5f82}"
EndProject
Global
	GlobalSection(SolutionConfigurationPlatforms) = preSolution
		Debug|Any CPU = Debug|Any CPU
	EndGlobalSection
	GlobalSection(ProjectConfigurationPlatforms) = postSolution
		{107f4842-16ba-9b50-c76c-f58848e5eb0c}.Debug|Any CPU.ActiveCfg = Debug|Any CPU
		{107f4842-16ba-9b50-c76c-f58848e5eb0c}.Debug|Any CPU.Build.0 = Debug|Any CPU
		{16cb056d-500b-b9e6-e6c4-ca1da0be5f82}.Debug|Any CPU.ActiveCfg = Debug|Any CPU
		{16cb056d-500b-b9e6-e6c4-ca1da0be5f82}.Debug|Any CPU.Build.0 = Debug|Any CPU
	EndGlobalSection
	GlobalSection(SolutionProperties) = preSolution
		HideSolutionNode = FALSE
	EndGlobalSection
EndGlobal
